
Microsoft Visual Studio Solution File, Format Version 12.00
# Visual Studio Version 17
VisualStudioVersion = 17.8.34330.188
MinimumVisualStudioVersion = 10.0.40219.1
Project("{9A19103F-16F7-4668-BE54-9A1E7A4F7556}") = "Servidor", "Servidor.csproj", "{A8872E74-94BD-4D7E-854D-2E5197682092}"
EndProject
Global
	GlobalSection(SolutionConfigurationPlatforms) = preSolution
		Debug|Any CPU = Debug|Any CPU
		Release|Any CPU = Release|Any CPU
	EndGlobalSection
	GlobalSection(ProjectConfigurationPlatforms) = postSolution
		{A8872E74-94BD-4D7E-854D-2E5197682092}.Debug|Any CPU.ActiveCfg = Debug|Any CPU
		{A8872E74-94BD-4D7E-854D-2E5197682092}.Debug|Any CPU.Build.0 = Debug|Any CPU
		{A8872E74-94BD-4D7E-854D-2E5197682092}.Release|Any CPU.ActiveCfg = Release|Any CPU
		{A8872E74-94BD-4D7E-854D-2E5197682092}.Release|Any CPU.Build.0 = Release|Any CPU
	EndGlobalSection
	GlobalSection(SolutionProperties) = preSolution
		HideSolutionNode = FALSE
	EndGlobalSection
	GlobalSection(ExtensibilityGlobals) = postSolution
		SolutionGuid = {DE9D8BAA-7BD6-4504-9E4A-0C3AAD399238}
	EndGlobalSection
EndGlobal
